
Microsoft Visual Studio Solution File, Format Version 12.00
# Visual Studio Version 17
VisualStudioVersion = 17.11.35222.181
MinimumVisualStudioVersion = 10.0.40219.1
Project("{9A19103F-16F7-4668-BE54-9A1E7A4F7556}") = "PrintLabelsPacking.Application", "PrintLabelsPacking.Application\PrintLabelsPacking.Application.csproj", "{8BD12C77-9D1B-426A-AC25-92CE25A5F4CB}"
EndProject
Project("{9A19103F-16F7-4668-BE54-9A1E7A4F7556}") = "PrintLabelsPacking.Domain", "PrintLabelsPacking.Domain\PrintLabelsPacking.Domain.csproj", "{7C17B48C-47CB-44AB-ABC5-F2EB6C87A37A}"
EndProject
Project("{9A19103F-16F7-4668-BE54-9A1E7A4F7556}") = "PrintLabelsPacking.Infraestructure", "PrintLabelsPacking.Infraestructure\PrintLabelsPacking.Infraestructure.csproj", "{58555F82-582E-4449-A62E-E7D5B48AD164}"
EndProject
Project("{9A19103F-16F7-4668-BE54-9A1E7A4F7556}") = "PrintLabelsPacking.Api", "PrintLabelsPacking.Api\PrintLabelsPacking.Api.csproj", "{FAC97B14-F8CB-4A08-AF5B-185453EE0FB3}"
EndProject
Project("{FAE04EC0-301F-11D3-BF4B-00C04F79EFBC}") = "PrintLabelsPacking.Contracts", "Proyecto PrintLabelsPacking.Contracts\PrintLabelsPacking.Contracts.csproj", "{AB703B9D-E011-4246-A7C7-27C6146EFFFD}"
EndProject
Global
	GlobalSection(SolutionConfigurationPlatforms) = preSolution
		Debug|Any CPU = Debug|Any CPU
		Release|Any CPU = Release|Any CPU
	EndGlobalSection
	GlobalSection(ProjectConfigurationPlatforms) = postSolution
		{8BD12C77-9D1B-426A-AC25-92CE25A5F4CB}.Debug|Any CPU.ActiveCfg = Debug|Any CPU
		{8BD12C77-9D1B-426A-AC25-92CE25A5F4CB}.Debug|Any CPU.Build.0 = Debug|Any CPU
		{8BD12C77-9D1B-426A-AC25-92CE25A5F4CB}.Release|Any CPU.ActiveCfg = Release|Any CPU
		{8BD12C77-9D1B-426A-AC25-92CE25A5F4CB}.Release|Any CPU.Build.0 = Release|Any CPU
		{7C17B48C-47CB-44AB-ABC5-F2EB6C87A37A}.Debug|Any CPU.ActiveCfg = Debug|Any CPU
		{7C17B48C-47CB-44AB-ABC5-F2EB6C87A37A}.Debug|Any CPU.Build.0 = Debug|Any CPU
		{7C17B48C-47CB-44AB-ABC5-F2EB6C87A37A}.Release|Any CPU.ActiveCfg = Release|Any CPU
		{7C17B48C-47CB-44AB-ABC5-F2EB6C87A37A}.Release|Any CPU.Build.0 = Release|Any CPU
		{58555F82-582E-4449-A62E-E7D5B48AD164}.Debug|Any CPU.ActiveCfg = Debug|Any CPU
		{58555F82-582E-4449-A62E-E7D5B48AD164}.Debug|Any CPU.Build.0 = Debug|Any CPU
		{58555F82-582E-4449-A62E-E7D5B48AD164}.Release|Any CPU.ActiveCfg = Release|Any CPU
		{58555F82-582E-4449-A62E-E7D5B48AD164}.Release|Any CPU.Build.0 = Release|Any CPU
		{FAC97B14-F8CB-4A08-AF5B-185453EE0FB3}.Debug|Any CPU.ActiveCfg = Debug|Any CPU
		{FAC97B14-F8CB-4A08-AF5B-185453EE0FB3}.Debug|Any CPU.Build.0 = Debug|Any CPU
		{FAC97B14-F8CB-4A08-AF5B-185453EE0FB3}.Release|Any CPU.ActiveCfg = Release|Any CPU
		{FAC97B14-F8CB-4A08-AF5B-185453EE0FB3}.Release|Any CPU.Build.0 = Release|Any CPU
		{AB703B9D-E011-4246-A7C7-27C6146EFFFD}.Debug|Any CPU.ActiveCfg = Debug|Any CPU
		{AB703B9D-E011-4246-A7C7-27C6146EFFFD}.Debug|Any CPU.Build.0 = Debug|Any CPU
		{AB703B9D-E011-4246-A7C7-27C6146EFFFD}.Release|Any CPU.ActiveCfg = Release|Any CPU
		{AB703B9D-E011-4246-A7C7-27C6146EFFFD}.Release|Any CPU.Build.0 = Release|Any CPU
	EndGlobalSection
	GlobalSection(SolutionProperties) = preSolution
		HideSolutionNode = FALSE
	EndGlobalSection
	GlobalSection(ExtensibilityGlobals) = postSolution
		SolutionGuid = {2074D182-5849-4D9B-9569-4ED7F158CF30}
	EndGlobalSection
EndGlobal
